
Microsoft Visual Studio Solution File, Format Version 12.00
# Visual Studio Version 17
VisualStudioVersion = 17.7.34221.43
MinimumVisualStudioVersion = 10.0.40219.1
Project("{FAE04EC0-301F-11D3-BF4B-00C04F79EFBC}") = "CipherPad", "CipherPad.csproj", "{269938BD-1413-40C7-ABC2-48FEA00E8A4E}"
EndProject
Global
	GlobalSection(SolutionConfigurationPlatforms) = preSolution
		Debug|Any CPU = Debug|Any CPU
		Debug|x64 = Debug|x64
		Release|Any CPU = Release|Any CPU
		Release|x64 = Release|x64
	EndGlobalSection
	GlobalSection(ProjectConfigurationPlatforms) = postSolution
		{269938BD-1413-40C7-ABC2-48FEA00E8A4E}.Debug|Any CPU.ActiveCfg = Debug|Any CPU
		{269938BD-1413-40C7-ABC2-48FEA00E8A4E}.Debug|Any CPU.Build.0 = Debug|Any CPU
		{269938BD-1413-40C7-ABC2-48FEA00E8A4E}.Debug|x64.ActiveCfg = Debug|x64
		{269938BD-1413-40C7-ABC2-48FEA00E8A4E}.Debug|x64.Build.0 = Debug|x64
		{269938BD-1413-40C7-ABC2-48FEA00E8A4E}.Release|Any CPU.ActiveCfg = Release|Any CPU
		{269938BD-1413-40C7-ABC2-48FEA00E8A4E}.Release|Any CPU.Build.0 = Release|Any CPU
		{269938BD-1413-40C7-ABC2-48FEA00E8A4E}.Release|x64.ActiveCfg = Release|x64
		{269938BD-1413-40C7-ABC2-48FEA00E8A4E}.Release|x64.Build.0 = Release|x64
	EndGlobalSection
	GlobalSection(SolutionProperties) = preSolution
		HideSolutionNode = FALSE
	EndGlobalSection
	GlobalSection(ExtensibilityGlobals) = postSolution
		SolutionGuid = {1E656BBE-B4F4-4C57-8022-4E2B06B06A35}
	EndGlobalSection
EndGlobal
